
Microsoft Visual Studio Solution File, Format Version 12.00
# Visual Studio 2015
Project("{FAE04EC0-301F-11D3-BF4B-00C04F79EFBC}") = "PandaFoot", "PandaFoot.csproj", "{B66F710C-3E1A-3EE7-0154-869BC2A879FC}"
EndProject
Global
	GlobalSection(SolutionConfigurationPlatforms) = preSolution
		Debug|Any CPU = Debug|Any CPU
		Release|Any CPU = Release|Any CPU
	EndGlobalSection
	GlobalSection(ProjectConfigurationPlatforms) = postSolution
		{B66F710C-3E1A-3EE7-0154-869BC2A879FC}.Debug|Any CPU.ActiveCfg = Debug|Any CPU
		{B66F710C-3E1A-3EE7-0154-869BC2A879FC}.Debug|Any CPU.Build.0 = Debug|Any CPU
		{B66F710C-3E1A-3EE7-0154-869BC2A879FC}.Release|Any CPU.ActiveCfg = Release|Any CPU
		{B66F710C-3E1A-3EE7-0154-869BC2A879FC}.Release|Any CPU.Build.0 = Release|Any CPU
	EndGlobalSection
	GlobalSection(SolutionProperties) = preSolution
		HideSolutionNode = FALSE
	EndGlobalSection
EndGlobal
